
Microsoft Visual Studio Solution File, Format Version 12.00
# Visual Studio 15
VisualStudioVersion = 15.0.27130.2036
MinimumVisualStudioVersion = 10.0.40219.1
Project("{9092AA53-FB77-4645-B42D-1CCCA6BD08BD}") = "mainsimstatus", "mainsimstatus.njsproj", "{9275DA02-93AE-4DC3-A8D3-73CD3FC2830F}"
EndProject
Global
	GlobalSection(SolutionConfigurationPlatforms) = preSolution
		Debug|Any CPU = Debug|Any CPU
		Release|Any CPU = Release|Any CPU
	EndGlobalSection
	GlobalSection(ProjectConfigurationPlatforms) = postSolution
		{9275DA02-93AE-4DC3-A8D3-73CD3FC2830F}.Debug|Any CPU.ActiveCfg = Debug|Any CPU
		{9275DA02-93AE-4DC3-A8D3-73CD3FC2830F}.Debug|Any CPU.Build.0 = Debug|Any CPU
		{9275DA02-93AE-4DC3-A8D3-73CD3FC2830F}.Release|Any CPU.ActiveCfg = Release|Any CPU
		{9275DA02-93AE-4DC3-A8D3-73CD3FC2830F}.Release|Any CPU.Build.0 = Release|Any CPU
	EndGlobalSection
	GlobalSection(SolutionProperties) = preSolution
		HideSolutionNode = FALSE
	EndGlobalSection
	GlobalSection(ExtensibilityGlobals) = postSolution
		SolutionGuid = {C1EBA3E0-2ED8-403D-A81E-D56D20E4C4A5}
	EndGlobalSection
EndGlobal
